
Microsoft Visual Studio Solution File, Format Version 12.00
# Visual Studio Version 17
VisualStudioVersion = 17.4.33205.214
MinimumVisualStudioVersion = 10.0.40219.1
Project("{FAE04EC0-301F-11D3-BF4B-00C04F79EFBC}") = "ClientAddIn", "ClientAddIn\ClientAddIn.csproj", "{B6C5CE36-3AFF-4C9C-84E0-09F7E3912742}"
	ProjectSection(ProjectDependencies) = postProject
		{D71AE457-4A51-4EC8-A950-3C186412A25F} = {D71AE457-4A51-4EC8-A950-3C186412A25F}
	EndProjectSection
EndProject
Project("{8BC9CEB8-8B4A-11D0-8D11-00A0C91BC942}") = "CLIProjectTemplate", "CLIProjectTemplate\CLIProjectTemplate.vcxproj", "{D71AE457-4A51-4EC8-A950-3C186412A25F}"
EndProject
Global
	GlobalSection(SolutionConfigurationPlatforms) = preSolution
		Debug|x64 = Debug|x64
		Release|x64 = Release|x64
	EndGlobalSection
	GlobalSection(ProjectConfigurationPlatforms) = postSolution
		{B6C5CE36-3AFF-4C9C-84E0-09F7E3912742}.Debug|x64.ActiveCfg = Debug|x64
		{B6C5CE36-3AFF-4C9C-84E0-09F7E3912742}.Debug|x64.Build.0 = Debug|x64
		{B6C5CE36-3AFF-4C9C-84E0-09F7E3912742}.Release|x64.ActiveCfg = Release|x64
		{B6C5CE36-3AFF-4C9C-84E0-09F7E3912742}.Release|x64.Build.0 = Release|x64
		{D71AE457-4A51-4EC8-A950-3C186412A25F}.Debug|x64.ActiveCfg = Release|x64
		{D71AE457-4A51-4EC8-A950-3C186412A25F}.Debug|x64.Build.0 = Release|x64
		{D71AE457-4A51-4EC8-A950-3C186412A25F}.Release|x64.ActiveCfg = Release|x64
		{D71AE457-4A51-4EC8-A950-3C186412A25F}.Release|x64.Build.0 = Release|x64
	EndGlobalSection
	GlobalSection(SolutionProperties) = preSolution
		HideSolutionNode = FALSE
	EndGlobalSection
	GlobalSection(ExtensibilityGlobals) = postSolution
		SolutionGuid = {4EF7BA00-5AB6-4AD0-B504-07CE8056BFBA}
	EndGlobalSection
EndGlobal
